
Microsoft Visual Studio Solution File, Format Version 9.00
# Visual Studio 2005
Project("{8BC9CEB8-8B4A-11D0-8D11-00A0C91BC942}") = "SDK_TestApp", "SDK_TestApp\SDK_TestApp.vcproj", "{173B4689-53C6-49EA-BB4B-DB17A6905B40}"
EndProject
Global
	GlobalSection(SolutionConfigurationPlatforms) = preSolution
		Debug|Win32 = Debug|Win32
		Release|Win32 = Release|Win32
	EndGlobalSection
	GlobalSection(ProjectConfigurationPlatforms) = postSolution
		{173B4689-53C6-49EA-BB4B-DB17A6905B40}.Debug|Win32.ActiveCfg = Debug|Win32
		{173B4689-53C6-49EA-BB4B-DB17A6905B40}.Debug|Win32.Build.0 = Debug|Win32
		{173B4689-53C6-49EA-BB4B-DB17A6905B40}.Release|Win32.ActiveCfg = Release|Win32
		{173B4689-53C6-49EA-BB4B-DB17A6905B40}.Release|Win32.Build.0 = Release|Win32
	EndGlobalSection
	GlobalSection(SolutionProperties) = preSolution
		HideSolutionNode = FALSE
	EndGlobalSection
EndGlobal
